# This is a Gradle generated file for dependency locking.
# Manual edits can break the build and are not advised.
# This file is expected to be part of source control.
com.fasterxml.jackson.core:jackson-annotations:2.21=boot41TestRuntimeClasspath,compileClasspath,testCompileClasspath,testRuntimeClasspath
com.fasterxml.jackson.core:jackson-core:2.21.2=boot41TestRuntimeClasspath,runtimeClasspath,testRuntimeClasspath
com.fasterxml.jackson:jackson-bom:2.21.2=boot41TestRuntimeClasspath,runtimeClasspath,testRuntimeClasspath
commons-logging:commons-logging:1.3.5=boot41TestRuntimeClasspath,compileClasspath,testCompileClasspath,testRuntimeClasspath
io.micrometer:micrometer-commons:1.16.6=boot41TestRuntimeClasspath,compileClasspath,testCompileClasspath,testRuntimeClasspath
io.micrometer:micrometer-core:1.16.6=boot41TestRuntimeClasspath,compileClasspath,testCompileClasspath,testRuntimeClasspath
io.micrometer:micrometer-observation:1.16.6=boot41TestRuntimeClasspath,compileClasspath,testCompileClasspath,testRuntimeClasspath
io.opentelemetry:opentelemetry-api:1.62.0=boot41TestRuntimeClasspath,compileClasspath,testCompileClasspath,testRuntimeClasspath
io.opentelemetry:opentelemetry-common:1.62.0=boot41TestRuntimeClasspath,compileClasspath,testCompileClasspath,testRuntimeClasspath
io.opentelemetry:opentelemetry-context:1.62.0=boot41TestRuntimeClasspath,compileClasspath,testCompileClasspath,testRuntimeClasspath
io.opentelemetry:opentelemetry-sdk-common:1.62.0=boot41TestRuntimeClasspath,testCompileClasspath,testRuntimeClasspath
io.opentelemetry:opentelemetry-sdk-logs:1.62.0=boot41TestRuntimeClasspath,testCompileClasspath,testRuntimeClasspath
io.opentelemetry:opentelemetry-sdk-metrics:1.62.0=boot41TestRuntimeClasspath,testCompileClasspath,testRuntimeClasspath
io.opentelemetry:opentelemetry-sdk-testing:1.62.0=boot41TestRuntimeClasspath,testCompileClasspath,testRuntimeClasspath
io.opentelemetry:opentelemetry-sdk-trace:1.62.0=boot41TestRuntimeClasspath,testCompileClasspath,testRuntimeClasspath
io.opentelemetry:opentelemetry-sdk:1.62.0=boot41TestRuntimeClasspath,testCompileClasspath,testRuntimeClasspath
net.bytebuddy:byte-buddy:1.18.3=boot41TestRuntimeClasspath,testCompileClasspath,testRuntimeClasspath
org.apiguardian:apiguardian-api:1.1.2=testCompileClasspath
org.assertj:assertj-core:3.27.7=boot41TestRuntimeClasspath,testCompileClasspath,testRuntimeClasspath
org.hdrhistogram:HdrHistogram:2.2.2=boot41TestRuntimeClasspath,testRuntimeClasspath
org.jspecify:jspecify:1.0.0=boot41TestRuntimeClasspath,compileClasspath,runtimeClasspath,testCompileClasspath,testRuntimeClasspath
org.junit.jupiter:junit-jupiter-api:5.13.4=boot41TestRuntimeClasspath,testCompileClasspath,testRuntimeClasspath
org.junit.jupiter:junit-jupiter-engine:5.13.4=boot41TestRuntimeClasspath,testRuntimeClasspath
org.junit.jupiter:junit-jupiter-params:5.13.4=boot41TestRuntimeClasspath,testCompileClasspath,testRuntimeClasspath
org.junit.jupiter:junit-jupiter:5.13.4=boot41TestRuntimeClasspath,testCompileClasspath,testRuntimeClasspath
org.junit.platform:junit-platform-commons:1.13.4=boot41TestRuntimeClasspath,testCompileClasspath,testRuntimeClasspath
org.junit.platform:junit-platform-engine:1.13.4=boot41TestRuntimeClasspath,testRuntimeClasspath
org.junit.platform:junit-platform-launcher:1.13.4=boot41TestRuntimeClasspath,testRuntimeClasspath
org.junit:junit-bom:5.13.4=boot41TestRuntimeClasspath,testCompileClasspath,testRuntimeClasspath
org.latencyutils:LatencyUtils:2.0.3=boot41TestRuntimeClasspath,testRuntimeClasspath
org.opentest4j:opentest4j:1.3.0=boot41TestRuntimeClasspath,testCompileClasspath,testRuntimeClasspath
org.springframework.boot:spring-boot-actuator-autoconfigure:4.0.7=testCompileClasspath,testRuntimeClasspath
org.springframework.boot:spring-boot-actuator-autoconfigure:4.1.0=boot41TestRuntimeClasspath
org.springframework.boot:spring-boot-actuator:4.0.7=testCompileClasspath,testRuntimeClasspath
org.springframework.boot:spring-boot-actuator:4.1.0=boot41TestRuntimeClasspath
org.springframework.boot:spring-boot-autoconfigure:4.0.7=compileClasspath,testCompileClasspath,testRuntimeClasspath
org.springframework.boot:spring-boot-autoconfigure:4.1.0=boot41TestRuntimeClasspath
org.springframework.boot:spring-boot-configuration-processor:4.0.7=annotationProcessor
org.springframework.boot:spring-boot-health:4.0.7=compileClasspath,testCompileClasspath,testRuntimeClasspath
org.springframework.boot:spring-boot-health:4.1.0=boot41TestRuntimeClasspath
org.springframework.boot:spring-boot-test:4.0.7=testCompileClasspath,testRuntimeClasspath
org.springframework.boot:spring-boot-test:4.1.0=boot41TestRuntimeClasspath
org.springframework.boot:spring-boot:4.0.7=compileClasspath,testCompileClasspath,testRuntimeClasspath
org.springframework.boot:spring-boot:4.1.0=boot41TestRuntimeClasspath
org.springframework:spring-aop:7.0.8=boot41TestRuntimeClasspath,compileClasspath,testCompileClasspath,testRuntimeClasspath
org.springframework:spring-beans:7.0.8=boot41TestRuntimeClasspath,compileClasspath,testCompileClasspath,testRuntimeClasspath
org.springframework:spring-context:7.0.8=boot41TestRuntimeClasspath,compileClasspath,testCompileClasspath,testRuntimeClasspath
org.springframework:spring-core:7.0.8=boot41TestRuntimeClasspath,compileClasspath,testCompileClasspath,testRuntimeClasspath
org.springframework:spring-expression:7.0.8=boot41TestRuntimeClasspath,compileClasspath,testCompileClasspath,testRuntimeClasspath
org.springframework:spring-test:7.0.8=boot41TestRuntimeClasspath,testCompileClasspath,testRuntimeClasspath
org.yaml:snakeyaml:2.5=boot41TestRuntimeClasspath,testCompileClasspath,testRuntimeClasspath
empty=testAnnotationProcessor
